{
  "version": 4,
  "terraform_version": "1.12.2",
  "serial": 9,
  "lineage": "00220bf5-fce6-ca5d-f078-dd90e28d3dbf",
  "outputs": {},
  "resources": [
    {
      "module": "module.eks",
      "mode": "managed",
      "type": "aws_eks_cluster",
      "name": "eks",
      "provider": "provider[\"registry.terraform.io/hashicorp/aws\"]",
      "instances": [
        {
          "schema_version": 1,
          "attributes": {
            "access_config": [
              {
                "authentication_mode": "CONFIG_MAP",
                "bootstrap_cluster_creator_admin_permissions": true
              }
            ],
            "arn": "arn:aws:eks:us-east-2:647256769457:cluster/devops-eks-cluster",
            "bootstrap_self_managed_addons": true,
            "certificate_authority": [
              {
                "data": "LS0tLS1CRUdJTiBDRVJUSUZJQ0FURS0tLS0tCk1JSURCVENDQWUyZ0F3SUJBZ0lJS1NEZG1xRGFYTlF3RFFZSktvWklodmNOQVFFTEJRQXdGVEVUTUJFR0ExVUUKQXhNS2EzVmlaWEp1WlhSbGN6QWVGdzB5TlRBNE1Ea3dNakEzTURaYUZ3MHpOVEE0TURjd01qRXlNRFphTUJVeApFekFSQmdOVkJBTVRDbXQxWW1WeWJtVjBaWE13Z2dFaU1BMEdDU3FHU0liM0RRRUJBUVVBQTRJQkR3QXdnZ0VLCkFvSUJBUURiS1VicnIvRW1JVWZGNXhvWGI0QjdqRkw5S2QvWjkvYkpqa3l6RVNGN01rMC90cDRWNnhDWWhBSXAKcEJKZUNYdkVXYVlpSThrRW5QZmtoY3NZRnZmYzFYWEZacWtWSFVMM3d3Z1VNczArN0FxNE5uTFBzUytiejVucApWZUV0RlJsRmpQcmZDL1JwL0VLNlpVaSs4eEphcHFyZWc4c1VFT0MvZGo1Z2FnN3lITTVDSkFrNGJpUjR1YlpjCkVPNk1Iczh1NEQ2QmxzaXp3ME5uMWFxdkpCM1FmWUlSR0JKb1p1b3NtRDNTRzRMWXNNbkRHdXdRWk5TbThsNnQKeXV1RTlCZFVQbzRCemZTekxMNCtZUjVVdVJ5SFBRWEFRSWY3RXNIQUNQM0o3NXE4WEhFU1EyUGxpdk5oeUNDWgpRLzJYK0pqMng2dUJGb2plUFg0c2grb0huZ2lqQWdNQkFBR2pXVEJYTUE0R0ExVWREd0VCL3dRRUF3SUNwREFQCkJnTlZIUk1CQWY4RUJUQURBUUgvTUIwR0ExVWREZ1FXQkJRL3RRWlBFRWREN0tQck5ZemJMRFRJb092TE5UQVYKQmdOVkhSRUVEakFNZ2dwcmRXSmxjbTVsZEdWek1BMEdDU3FHU0liM0RRRUJDd1VBQTRJQkFRQmw4MUIxMGZMOAo3NGZ0VHpic2ZBelpVam9CYWNSYUhnUU4xbGQ3TWZwMzZvT2hoUkp3ZVpzM0x4N2dOcTZJeXJTMHkxNTJuYWpSClNtTldMbk15ZnVNWWN0SG1BRlU0WUtPMUtGK1ptSU1xVWc4U2NCU3FMTWVKeXgrOExiVUVyRFRjRm0xVThpREgKV2J3c2FHZGJoNklUL2xvVEROQWsyd2k2Mzk5ZUZiRDVPaVUvUG1vT0tKTGFRV3BDQjZzQkdKSEhLdWxEUXY4Rgo0SkswWWNOeTlQSlcrSUVHZ2Y1ejBhOG9FTGM1Z1cvZ3lMTWNkK0pNeE1vRnVQQUZLU1RZb2NsNm5mTVhWUUdkCjFoa1YrdVJEVkUweGNNWVlVMUpDSVIzOEhqNnRxN3Z2bWgrOFpWV3pLRlQ3VGZSdmRGVGIvd2Rab3l5ZE80QXEKR1ZtdFNBRVJnUUhwCi0tLS0tRU5EIENFUlRJRklDQVRFLS0tLS0K"
              }
            ],
            "cluster_id": null,
            "compute_config": [],
            "created_at": "2025-08-09T02:07:13Z",
            "enabled_cluster_log_types": [],
            "encryption_config": [],
            "endpoint": "https://13C8DD236821DC2BC654FB1F2DE01DD9.gr7.us-east-2.eks.amazonaws.com",
            "force_update_version": null,
            "id": "devops-eks-cluster",
            "identity": [
              {
                "oidc": [
                  {
                    "issuer": "https://oidc.eks.us-east-2.amazonaws.com/id/13C8DD236821DC2BC654FB1F2DE01DD9"
                  }
                ]
              }
            ],
            "kubernetes_network_config": [
              {
                "elastic_load_balancing": [
                  {
                    "enabled": false
                  }
                ],
                "ip_family": "ipv4",
                "service_ipv4_cidr": "10.100.0.0/16",
                "service_ipv6_cidr": ""
              }
            ],
            "name": "devops-eks-cluster",
            "outpost_config": [],
            "platform_version": "eks.9",
            "region": "us-east-2",
            "remote_network_config": [],
            "role_arn": "arn:aws:iam::647256769457:role/devops-eks-cluster-eks-cluster-role",
            "status": "ACTIVE",
            "storage_config": [],
            "tags": {},
            "tags_all": {},
            "timeouts": null,
            "upgrade_policy": [
              {
                "support_type": "EXTENDED"
              }
            ],
            "version": "1.33",
            "vpc_config": [
              {
                "cluster_security_group_id": "sg-053ebba658202138c",
                "endpoint_private_access": false,
                "endpoint_public_access": true,
                "public_access_cidrs": [
                  "0.0.0.0/0"
                ],
                "security_group_ids": [],
                "subnet_ids": [
                  "subnet-0c1adf9b4b86caec0",
                  "subnet-0eee41b1645019518"
                ],
                "vpc_id": "vpc-089b6f1235d7c530d"
              }
            ],
            "zonal_shift_config": []
          },
          "sensitive_attributes": [],
          "identity_schema_version": 0,
          "private": "eyJlMmJmYjczMC1lY2FhLTExZTYtOGY4OC0zNDM2M2JjN2M0YzAiOnsiY3JlYXRlIjoxODAwMDAwMDAwMDAwLCJkZWxldGUiOjkwMDAwMDAwMDAwMCwidXBkYXRlIjozNjAwMDAwMDAwMDAwfSwic2NoZW1hX3ZlcnNpb24iOiIxIn0=",
          "dependencies": [
            "module.iam.aws_iam_role.eks_cluster_role"
          ]
        }
      ]
    },
    {
      "module": "module.eks",
      "mode": "managed",
      "type": "aws_eks_node_group",
      "name": "node_group",
      "provider": "provider[\"registry.terraform.io/hashicorp/aws\"]",
      "instances": [
        {
          "schema_version": 0,
          "attributes": {
            "ami_type": "AL2023_x86_64_STANDARD",
            "arn": "arn:aws:eks:us-east-2:647256769457:nodegroup/devops-eks-cluster/devops-eks-cluster-ng/eacc464d-a24b-4b6d-90b2-ed429dbf47f2",
            "capacity_type": "ON_DEMAND",
            "cluster_name": "devops-eks-cluster",
            "disk_size": 20,
            "force_update_version": null,
            "id": "devops-eks-cluster:devops-eks-cluster-ng",
            "instance_types": [
              "t2.medium"
            ],
            "labels": {},
            "launch_template": [],
            "node_group_name": "devops-eks-cluster-ng",
            "node_group_name_prefix": "",
            "node_repair_config": [],
            "node_role_arn": "arn:aws:iam::647256769457:role/devops-eks-cluster-eks-node-role",
            "region": "us-east-2",
            "release_version": "1.33.3-20250807",
            "remote_access": [],
            "resources": [
              {
                "autoscaling_groups": [
                  {
                    "name": "eks-devops-eks-cluster-ng-eacc464d-a24b-4b6d-90b2-ed429dbf47f2"
                  }
                ],
                "remote_access_security_group_id": ""
              }
            ],
            "scaling_config": [
              {
                "desired_size": 2,
                "max_size": 3,
                "min_size": 1
              }
            ],
            "status": "ACTIVE",
            "subnet_ids": [
              "subnet-0c1adf9b4b86caec0",
              "subnet-0eee41b1645019518"
            ],
            "tags": {},
            "tags_all": {},
            "taint": [],
            "timeouts": null,
            "update_config": [
              {
                "max_unavailable": 1,
                "max_unavailable_percentage": 0
              }
            ],
            "version": "1.33"
          },
          "sensitive_attributes": [],
          "identity_schema_version": 0,
          "private": "eyJlMmJmYjczMC1lY2FhLTExZTYtOGY4OC0zNDM2M2JjN2M0YzAiOnsiY3JlYXRlIjozNjAwMDAwMDAwMDAwLCJkZWxldGUiOjM2MDAwMDAwMDAwMDAsInVwZGF0ZSI6MzYwMDAwMDAwMDAwMH19",
          "dependencies": [
            "module.eks.aws_eks_cluster.eks",
            "module.iam.aws_iam_role.eks_cluster_role",
            "module.iam.aws_iam_role.eks_node_role"
          ]
        }
      ]
    },
    {
      "module": "module.iam",
      "mode": "managed",
      "type": "aws_iam_role",
      "name": "eks_cluster_role",
      "provider": "provider[\"registry.terraform.io/hashicorp/aws\"]",
      "instances": [
        {
          "schema_version": 0,
          "attributes": {
            "arn": "arn:aws:iam::647256769457:role/devops-eks-cluster-eks-cluster-role",
            "assume_role_policy": "{\"Statement\":[{\"Action\":\"sts:AssumeRole\",\"Effect\":\"Allow\",\"Principal\":{\"Service\":\"eks.amazonaws.com\"}}],\"Version\":\"2012-10-17\"}",
            "create_date": "2025-08-09T02:07:11Z",
            "description": "",
            "force_detach_policies": false,
            "id": "devops-eks-cluster-eks-cluster-role",
            "inline_policy": [],
            "managed_policy_arns": [
              "arn:aws:iam::aws:policy/AmazonEKSClusterPolicy"
            ],
            "max_session_duration": 3600,
            "name": "devops-eks-cluster-eks-cluster-role",
            "name_prefix": "",
            "path": "/",
            "permissions_boundary": "",
            "tags": {},
            "tags_all": {},
            "unique_id": "AROAZNM4CQOYVCDEO7IRQ"
          },
          "sensitive_attributes": [],
          "identity_schema_version": 0,
          "identity": {
            "account_id": "647256769457",
            "name": "devops-eks-cluster-eks-cluster-role"
          },
          "private": "bnVsbA=="
        }
      ]
    },
    {
      "module": "module.iam",
      "mode": "managed",
      "type": "aws_iam_role",
      "name": "eks_node_role",
      "provider": "provider[\"registry.terraform.io/hashicorp/aws\"]",
      "instances": [
        {
          "schema_version": 0,
          "attributes": {
            "arn": "arn:aws:iam::647256769457:role/devops-eks-cluster-eks-node-role",
            "assume_role_policy": "{\"Statement\":[{\"Action\":\"sts:AssumeRole\",\"Effect\":\"Allow\",\"Principal\":{\"Service\":\"ec2.amazonaws.com\"}}],\"Version\":\"2012-10-17\"}",
            "create_date": "2025-08-09T02:07:11Z",
            "description": "",
            "force_detach_policies": false,
            "id": "devops-eks-cluster-eks-node-role",
            "inline_policy": [],
            "managed_policy_arns": [
              "arn:aws:iam::aws:policy/AmazonEC2ContainerRegistryReadOnly",
              "arn:aws:iam::aws:policy/AmazonEKSWorkerNodePolicy",
              "arn:aws:iam::aws:policy/AmazonEKS_CNI_Policy"
            ],
            "max_session_duration": 3600,
            "name": "devops-eks-cluster-eks-node-role",
            "name_prefix": "",
            "path": "/",
            "permissions_boundary": "",
            "tags": {},
            "tags_all": {},
            "unique_id": "AROAZNM4CQOYR4ECXE5CS"
          },
          "sensitive_attributes": [],
          "identity_schema_version": 0,
          "identity": {
            "account_id": "647256769457",
            "name": "devops-eks-cluster-eks-node-role"
          },
          "private": "bnVsbA=="
        }
      ]
    }
  ],
  "check_results": null
}
